// !$*UTF8*$!
{
	archiveVersion = 1;
	classes = {
	};
	objectVersion = 46;
	objects = {

/* Begin PBXBuildFile section */
		4911D6371926F25C009B9C5B /* Foundation.framework in Frameworks */ = {isa = PBXBuildFile; fileRef = 4911D6361926F25C009B9C5B /* Foundation.framework */; };
		4911D6391926F25C009B9C5B /* CoreGraphics.framework in Frameworks */ = {isa = PBXBuildFile; fileRef = 4911D6381926F25C009B9C5B /* CoreGraphics.framework */; };
		4911D63B1926F25C009B9C5B /* UIKit.framework in Frameworks */ = {isa = PBXBuildFile; fileRef = 4911D63A1926F25C009B9C5B /* UIKit.framework */; };
		4911D6411926F25C009B9C5B /* InfoPlist.strings in Resources */ = {isa = PBXBuildFile; fileRef = 4911D63F1926F25C009B9C5B /* InfoPlist.strings */; };
		4911D6431926F25C009B9C5B /* main.m in Sources */ = {isa = PBXBuildFile; fileRef = 4911D6421926F25C009B9C5B /* main.m */; };
		4911D6471926F25D009B9C5B /* AppDelegate.m in Sources */ = {isa = PBXBuildFile; fileRef = 4911D6461926F25D009B9C5B /* AppDelegate.m */; };
		4911D64A1926F25D009B9C5B /* Main_iPhone.storyboard in Resources */ = {isa = PBXBuildFile; fileRef = 4911D6481926F25D009B9C5B /* Main_iPhone.storyboard */; };
		4911D6551926F25D009B9C5B /* Images.xcassets in Resources */ = {isa = PBXBuildFile; fileRef = 4911D6541926F25D009B9C5B /* Images.xcassets */; };
		4911D65C1926F25D009B9C5B /* XCTest.framework in Frameworks */ = {isa = PBXBuildFile; fileRef = 4911D65B1926F25D009B9C5B /* XCTest.framework */; };
		4911D65D1926F25D009B9C5B /* Foundation.framework in Frameworks */ = {isa = PBXBuildFile; fileRef = 4911D6361926F25C009B9C5B /* Foundation.framework */; };
		4911D65E1926F25D009B9C5B /* UIKit.framework in Frameworks */ = {isa = PBXBuildFile; fileRef = 4911D63A1926F25C009B9C5B /* UIKit.framework */; };
		4911D6661926F25D009B9C5B /* InfoPlist.strings in Resources */ = {isa = PBXBuildFile; fileRef = 4911D6641926F25D009B9C5B /* InfoPlist.strings */; };
		4911D6681926F25D009B9C5B /* DogeKeeperTests.m in Sources */ = {isa = PBXBuildFile; fileRef = 4911D6671926F25D009B9C5B /* DogeKeeperTests.m */; };
		4911D6731926FA5F009B9C5B /* DogeAPIHandler.m in Sources */ = {isa = PBXBuildFile; fileRef = 4911D6721926FA5F009B9C5B /* DogeAPIHandler.m */; };
		4911D6781927090B009B9C5B /* dogecoind.png in Resources */ = {isa = PBXBuildFile; fileRef = 4911D6771927090B009B9C5B /* dogecoind.png */; };
		493BF7A2196E2F0F00947A05 /* EncryptionHelper.m in Sources */ = {isa = PBXBuildFile; fileRef = 493BF7A1196E2F0F00947A05 /* EncryptionHelper.m */; };
		493BF7A4196E305000947A05 /* lock-32.png in Resources */ = {isa = PBXBuildFile; fileRef = 493BF7A3196E305000947A05 /* lock-32.png */; };
		4940B91A196CE84C008D95CE /* .gitignore in Resources */ = {isa = PBXBuildFile; fileRef = 4940B90F196CE84C008D95CE /* .gitignore */; };
		4940B91B196CE84C008D95CE /* AESCrypt.m in Sources */ = {isa = PBXBuildFile; fileRef = 4940B911196CE84C008D95CE /* AESCrypt.m */; };
		4940B91C196CE84C008D95CE /* LICENSE in Resources */ = {isa = PBXBuildFile; fileRef = 4940B912196CE84C008D95CE /* LICENSE */; };
		4940B91D196CE84C008D95CE /* NSData+Base64.m in Sources */ = {isa = PBXBuildFile; fileRef = 4940B914196CE84C008D95CE /* NSData+Base64.m */; };
		4940B91E196CE84C008D95CE /* NSData+CommonCrypto.m in Sources */ = {isa = PBXBuildFile; fileRef = 4940B916196CE84C008D95CE /* NSData+CommonCrypto.m */; };
		4940B91F196CE84C008D95CE /* NSString+Base64.m in Sources */ = {isa = PBXBuildFile; fileRef = 4940B918196CE84C008D95CE /* NSString+Base64.m */; };
		4940B920196CE84C008D95CE /* README.md in Resources */ = {isa = PBXBuildFile; fileRef = 4940B919196CE84C008D95CE /* README.md */; };
		49448D3619468B6800765F66 /* AVFoundation.framework in Frameworks */ = {isa = PBXBuildFile; fileRef = 49448D3119468B6800765F66 /* AVFoundation.framework */; };
		49448D3719468B6800765F66 /* CoreMedia.framework in Frameworks */ = {isa = PBXBuildFile; fileRef = 49448D3219468B6800765F66 /* CoreMedia.framework */; };
		49448D3819468B6800765F66 /* CoreVideo.framework in Frameworks */ = {isa = PBXBuildFile; fileRef = 49448D3319468B6800765F66 /* CoreVideo.framework */; };
		49448D3919468B6800765F66 /* libiconv.dylib in Frameworks */ = {isa = PBXBuildFile; fileRef = 49448D3419468B6800765F66 /* libiconv.dylib */; };
		49448D3A19468B6800765F66 /* QuartzCore.framework in Frameworks */ = {isa = PBXBuildFile; fileRef = 49448D3519468B6800765F66 /* QuartzCore.framework */; };
		49448D601946913200765F66 /* BCScannerViewController.m in Sources */ = {isa = PBXBuildFile; fileRef = 49448D5F1946913200765F66 /* BCScannerViewController.m */; };
		49448D64194693F100765F66 /* BCVideoPreviewView.m in Sources */ = {isa = PBXBuildFile; fileRef = 49448D63194693F100765F66 /* BCVideoPreviewView.m */; };
		49448D6A19469ED500765F66 /* WalletListController.m in Sources */ = {isa = PBXBuildFile; fileRef = 49448D6919469ED500765F66 /* WalletListController.m */; };
		494C4C79192C1D8500545434 /* AddWalletViewController.m in Sources */ = {isa = PBXBuildFile; fileRef = 494C4C78192C1D8500545434 /* AddWalletViewController.m */; };
		494C4C7C192C1D8F00545434 /* DogeChainHandler.m in Sources */ = {isa = PBXBuildFile; fileRef = 494C4C7B192C1D8F00545434 /* DogeChainHandler.m */; };
		494C4C7F192C1D9A00545434 /* DogecoinWallet.m in Sources */ = {isa = PBXBuildFile; fileRef = 494C4C7E192C1D9A00545434 /* DogecoinWallet.m */; };
		49521D83196F204A00BFCF95 /* PassViewController.m in Sources */ = {isa = PBXBuildFile; fileRef = 49521D82196F204A00BFCF95 /* PassViewController.m */; };
		4952F46C1970D89400FE9D96 /* Graveyard.storyboard in Resources */ = {isa = PBXBuildFile; fileRef = 4952F46B1970D89400FE9D96 /* Graveyard.storyboard */; };
		49606ECF19299A33005072D2 /* ApiKeyViewController.m in Sources */ = {isa = PBXBuildFile; fileRef = 49606ECE19299A33005072D2 /* ApiKeyViewController.m */; };
		4975EA31192D77D600D136A9 /* TransactionCompleteViewController.m in Sources */ = {isa = PBXBuildFile; fileRef = 4975EA30192D77D600D136A9 /* TransactionCompleteViewController.m */; };
		498D03031943E731004BC0B0 /* dknobg.png in Resources */ = {isa = PBXBuildFile; fileRef = 498D03021943E731004BC0B0 /* dknobg.png */; };
		498D03061943E963004BC0B0 /* AboutViewController.m in Sources */ = {isa = PBXBuildFile; fileRef = 498D03051943E963004BC0B0 /* AboutViewController.m */; };
		499705D91927D6CE00C53D78 /* DogeTransaction.m in Sources */ = {isa = PBXBuildFile; fileRef = 499705D81927D6CE00C53D78 /* DogeTransaction.m */; };
		499705DC1927D9DF00C53D78 /* MainViewController.m in Sources */ = {isa = PBXBuildFile; fileRef = 499705DB1927D9DF00C53D78 /* MainViewController.m */; };
		499705DF1927DE4C00C53D78 /* ExchangeViewController.m in Sources */ = {isa = PBXBuildFile; fileRef = 499705DE1927DE4C00C53D78 /* ExchangeViewController.m */; };
		499705E21927DFFE00C53D78 /* WelcomeViewController.m in Sources */ = {isa = PBXBuildFile; fileRef = 499705E11927DFFE00C53D78 /* WelcomeViewController.m */; };
		499705E51927E06100C53D78 /* WalletsViewController.m in Sources */ = {isa = PBXBuildFile; fileRef = 499705E41927E06100C53D78 /* WalletsViewController.m */; };
		499705E81927E78000C53D78 /* SendViewController.m in Sources */ = {isa = PBXBuildFile; fileRef = 499705E71927E78000C53D78 /* SendViewController.m */; };
		499705EB1927E82D00C53D78 /* DogeViewController.m in Sources */ = {isa = PBXBuildFile; fileRef = 499705EA1927E82D00C53D78 /* DogeViewController.m */; };
		49A1CB66192AD8EE00D4EA5F /* SettingsViewController.m in Sources */ = {isa = PBXBuildFile; fileRef = 49A1CB65192AD8EE00D4EA5F /* SettingsViewController.m */; };
		49B82A1A194CE0FD00B9B4B6 /* HistoryViewController.m in Sources */ = {isa = PBXBuildFile; fileRef = 49B82A19194CE0FD00B9B4B6 /* HistoryViewController.m */; };
		49B82A20194CED2100B9B4B6 /* WalletDetailViewController.m in Sources */ = {isa = PBXBuildFile; fileRef = 49B82A1F194CED2100B9B4B6 /* WalletDetailViewController.m */; };
		49DDD478194E026200C3C6FD /* bitstream.c in Sources */ = {isa = PBXBuildFile; fileRef = 49DDD468194E026200C3C6FD /* bitstream.c */; };
		49DDD479194E026200C3C6FD /* mask.c in Sources */ = {isa = PBXBuildFile; fileRef = 49DDD46A194E026200C3C6FD /* mask.c */; };
		49DDD47A194E026200C3C6FD /* qrencode.c in Sources */ = {isa = PBXBuildFile; fileRef = 49DDD46C194E026200C3C6FD /* qrencode.c */; };
		49DDD47B194E026200C3C6FD /* qrinput.c in Sources */ = {isa = PBXBuildFile; fileRef = 49DDD46E194E026200C3C6FD /* qrinput.c */; };
		49DDD47C194E026200C3C6FD /* qrspec.c in Sources */ = {isa = PBXBuildFile; fileRef = 49DDD470194E026200C3C6FD /* qrspec.c */; };
		49DDD47D194E026200C3C6FD /* rscode.c in Sources */ = {isa = PBXBuildFile; fileRef = 49DDD472194E026200C3C6FD /* rscode.c */; };
		49DDD47E194E026200C3C6FD /* split.c in Sources */ = {isa = PBXBuildFile; fileRef = 49DDD474194E026200C3C6FD /* split.c */; };
		49DDD47F194E026200C3C6FD /* UIImage+MDQRCode.m in Sources */ = {isa = PBXBuildFile; fileRef = 49DDD477194E026200C3C6FD /* UIImage+MDQRCode.m */; };
		49DDD484194E802000C3C6FD /* bar-128.png in Resources */ = {isa = PBXBuildFile; fileRef = 49DDD480194E802000C3C6FD /* bar-128.png */; };
		49DDD485194E802000C3C6FD /* money-128.png in Resources */ = {isa = PBXBuildFile; fileRef = 49DDD481194E802000C3C6FD /* money-128.png */; };
		49DDD486194E802000C3C6FD /* settings-128.png in Resources */ = {isa = PBXBuildFile; fileRef = 49DDD482194E802000C3C6FD /* settings-128.png */; };
		49DDD487194E802000C3C6FD /* wallet-128.png in Resources */ = {isa = PBXBuildFile; fileRef = 49DDD483194E802000C3C6FD /* wallet-128.png */; };
		49DDD489194E809000C3C6FD /* money-32.png in Resources */ = {isa = PBXBuildFile; fileRef = 49DDD488194E809000C3C6FD /* money-32.png */; };
		49DDD48B194E80D100C3C6FD /* wallet-32.png in Resources */ = {isa = PBXBuildFile; fileRef = 49DDD48A194E80D100C3C6FD /* wallet-32.png */; };
		49DDD48D194E80DD00C3C6FD /* settings-32.png in Resources */ = {isa = PBXBuildFile; fileRef = 49DDD48C194E80DD00C3C6FD /* settings-32.png */; };
		49DDD48F194E811000C3C6FD /* line_chart-32.png in Resources */ = {isa = PBXBuildFile; fileRef = 49DDD48E194E811000C3C6FD /* line_chart-32.png */; };
		49E381D5194B83AE00E38558 /* donate.jpeg in Resources */ = {isa = PBXBuildFile; fileRef = 49E381D4194B83AD00E38558 /* donate.jpeg */; };
/* End PBXBuildFile section */

/* Begin PBXContainerItemProxy section */
		4911D65F1926F25D009B9C5B /* PBXContainerItemProxy */ = {
			isa = PBXContainerItemProxy;
			containerPortal = 4911D62B1926F25C009B9C5B /* Project object */;
			proxyType = 1;
			remoteGlobalIDString = 4911D6321926F25C009B9C5B;
			remoteInfo = DogeKeeper;
		};
/* End PBXContainerItemProxy section */

/* Begin PBXFileReference section */
		4911D6331926F25C009B9C5B /* DogeKeeper.app */ = {isa = PBXFileReference; explicitFileType = wrapper.application; includeInIndex = 0; path = DogeKeeper.app; sourceTree = BUILT_PRODUCTS_DIR; };
		4911D6361926F25C009B9C5B /* Foundation.framework */ = {isa = PBXFileReference; lastKnownFileType = wrapper.framework; name = Foundation.framework; path = System/Library/Frameworks/Foundation.framework; sourceTree = SDKROOT; };
		4911D6381926F25C009B9C5B /* CoreGraphics.framework */ = {isa = PBXFileReference; lastKnownFileType = wrapper.framework; name = CoreGraphics.framework; path = System/Library/Frameworks/CoreGraphics.framework; sourceTree = SDKROOT; };
		4911D63A1926F25C009B9C5B /* UIKit.framework */ = {isa = PBXFileReference; lastKnownFileType = wrapper.framework; name = UIKit.framework; path = System/Library/Frameworks/UIKit.framework; sourceTree = SDKROOT; };
		4911D63E1926F25C009B9C5B /* DogeKeeper-Info.plist */ = {isa = PBXFileReference; lastKnownFileType = text.plist.xml; path = "DogeKeeper-Info.plist"; sourceTree = "<group>"; };
		4911D6401926F25C009B9C5B /* en */ = {isa = PBXFileReference; lastKnownFileType = text.plist.strings; name = en; path = en.lproj/InfoPlist.strings; sourceTree = "<group>"; };
		4911D6421926F25C009B9C5B /* main.m */ = {isa = PBXFileReference; lastKnownFileType = sourcecode.c.objc; path = main.m; sourceTree = "<group>"; };
		4911D6441926F25D009B9C5B /* DogeKeeper-Prefix.pch */ = {isa = PBXFileReference; lastKnownFileType = sourcecode.c.h; path = "DogeKeeper-Prefix.pch"; sourceTree = "<group>"; };
		4911D6451926F25D009B9C5B /* AppDelegate.h */ = {isa = PBXFileReference; lastKnownFileType = sourcecode.c.h; path = AppDelegate.h; sourceTree = "<group>"; };
		4911D6461926F25D009B9C5B /* AppDelegate.m */ = {isa = PBXFileReference; lastKnownFileType = sourcecode.c.objc; path = AppDelegate.m; sourceTree = "<group>"; };
		4911D6491926F25D009B9C5B /* Base */ = {isa = PBXFileReference; lastKnownFileType = file.storyboard; name = Base; path = Base.lproj/Main_iPhone.storyboard; sourceTree = "<group>"; };
		4911D6541926F25D009B9C5B /* Images.xcassets */ = {isa = PBXFileReference; lastKnownFileType = folder.assetcatalog; path = Images.xcassets; sourceTree = "<group>"; };
		4911D65A1926F25D009B9C5B /* DogeKeeperTests.xctest */ = {isa = PBXFileReference; explicitFileType = wrapper.cfbundle; includeInIndex = 0; path = DogeKeeperTests.xctest; sourceTree = BUILT_PRODUCTS_DIR; };
		4911D65B1926F25D009B9C5B /* XCTest.framework */ = {isa = PBXFileReference; lastKnownFileType = wrapper.framework; name = XCTest.framework; path = Library/Frameworks/XCTest.framework; sourceTree = DEVELOPER_DIR; };
		4911D6631926F25D009B9C5B /* DogeKeeperTests-Info.plist */ = {isa = PBXFileReference; lastKnownFileType = text.plist.xml; path = "DogeKeeperTests-Info.plist"; sourceTree = "<group>"; };
		4911D6651926F25D009B9C5B /* en */ = {isa = PBXFileReference; lastKnownFileType = text.plist.strings; name = en; path = en.lproj/InfoPlist.strings; sourceTree = "<group>"; };
		4911D6671926F25D009B9C5B /* DogeKeeperTests.m */ = {isa = PBXFileReference; lastKnownFileType = sourcecode.c.objc; path = DogeKeeperTests.m; sourceTree = "<group>"; };
		4911D6711926FA5F009B9C5B /* DogeAPIHandler.h */ = {isa = PBXFileReference; fileEncoding = 4; lastKnownFileType = sourcecode.c.h; path = DogeAPIHandler.h; sourceTree = "<group>"; };
		4911D6721926FA5F009B9C5B /* DogeAPIHandler.m */ = {isa = PBXFileReference; fileEncoding = 4; lastKnownFileType = sourcecode.c.objc; path = DogeAPIHandler.m; sourceTree = "<group>"; wrapsLines = 0; };
		4911D6771927090B009B9C5B /* dogecoind.png */ = {isa = PBXFileReference; lastKnownFileType = image.png; path = dogecoind.png; sourceTree = "<group>"; };
		493BF7A0196E2F0F00947A05 /* EncryptionHelper.h */ = {isa = PBXFileReference; fileEncoding = 4; lastKnownFileType = sourcecode.c.h; path = EncryptionHelper.h; sourceTree = "<group>"; };
		493BF7A1196E2F0F00947A05 /* EncryptionHelper.m */ = {isa = PBXFileReference; fileEncoding = 4; lastKnownFileType = sourcecode.c.objc; path = EncryptionHelper.m; sourceTree = "<group>"; };
		493BF7A3196E305000947A05 /* lock-32.png */ = {isa = PBXFileReference; lastKnownFileType = image.png; path = "lock-32.png"; sourceTree = "<group>"; };
		4940B90F196CE84C008D95CE /* .gitignore */ = {isa = PBXFileReference; fileEncoding = 4; lastKnownFileType = text; path = .gitignore; sourceTree = "<group>"; };
		4940B910196CE84C008D95CE /* AESCrypt.h */ = {isa = PBXFileReference; fileEncoding = 4; lastKnownFileType = sourcecode.c.h; path = AESCrypt.h; sourceTree = "<group>"; };
		4940B911196CE84C008D95CE /* AESCrypt.m */ = {isa = PBXFileReference; fileEncoding = 4; lastKnownFileType = sourcecode.c.objc; path = AESCrypt.m; sourceTree = "<group>"; };
		4940B912196CE84C008D95CE /* LICENSE */ = {isa = PBXFileReference; fileEncoding = 4; lastKnownFileType = text; path = LICENSE; sourceTree = "<group>"; };
		4940B913196CE84C008D95CE /* NSData+Base64.h */ = {isa = PBXFileReference; fileEncoding = 4; lastKnownFileType = sourcecode.c.h; path = "NSData+Base64.h"; sourceTree = "<group>"; };
		4940B914196CE84C008D95CE /* NSData+Base64.m */ = {isa = PBXFileReference; fileEncoding = 4; lastKnownFileType = sourcecode.c.objc; path = "NSData+Base64.m"; sourceTree = "<group>"; };
		4940B915196CE84C008D95CE /* NSData+CommonCrypto.h */ = {isa = PBXFileReference; fileEncoding = 4; lastKnownFileType = sourcecode.c.h; path = "NSData+CommonCrypto.h"; sourceTree = "<group>"; };
		4940B916196CE84C008D95CE /* NSData+CommonCrypto.m */ = {isa = PBXFileReference; fileEncoding = 4; lastKnownFileType = sourcecode.c.objc; path = "NSData+CommonCrypto.m"; sourceTree = "<group>"; };
		4940B917196CE84C008D95CE /* NSString+Base64.h */ = {isa = PBXFileReference; fileEncoding = 4; lastKnownFileType = sourcecode.c.h; path = "NSString+Base64.h"; sourceTree = "<group>"; };
		4940B918196CE84C008D95CE /* NSString+Base64.m */ = {isa = PBXFileReference; fileEncoding = 4; lastKnownFileType = sourcecode.c.objc; path = "NSString+Base64.m"; sourceTree = "<group>"; };
		4940B919196CE84C008D95CE /* README.md */ = {isa = PBXFileReference; fileEncoding = 4; lastKnownFileType = text; path = README.md; sourceTree = "<group>"; };
		49448D3119468B6800765F66 /* AVFoundation.framework */ = {isa = PBXFileReference; lastKnownFileType = wrapper.framework; name = AVFoundation.framework; path = System/Library/Frameworks/AVFoundation.framework; sourceTree = SDKROOT; };
		49448D3219468B6800765F66 /* CoreMedia.framework */ = {isa = PBXFileReference; lastKnownFileType = wrapper.framework; name = CoreMedia.framework; path = System/Library/Frameworks/CoreMedia.framework; sourceTree = SDKROOT; };
		49448D3319468B6800765F66 /* CoreVideo.framework */ = {isa = PBXFileReference; lastKnownFileType = wrapper.framework; name = CoreVideo.framework; path = System/Library/Frameworks/CoreVideo.framework; sourceTree = SDKROOT; };
		49448D3419468B6800765F66 /* libiconv.dylib */ = {isa = PBXFileReference; lastKnownFileType = "compiled.mach-o.dylib"; name = libiconv.dylib; path = usr/lib/libiconv.dylib; sourceTree = SDKROOT; };
		49448D3519468B6800765F66 /* QuartzCore.framework */ = {isa = PBXFileReference; lastKnownFileType = wrapper.framework; name = QuartzCore.framework; path = System/Library/Frameworks/QuartzCore.framework; sourceTree = SDKROOT; };
		49448D5E1946913200765F66 /* BCScannerViewController.h */ = {isa = PBXFileReference; fileEncoding = 4; lastKnownFileType = sourcecode.c.h; path = BCScannerViewController.h; sourceTree = "<group>"; };
		49448D5F1946913200765F66 /* BCScannerViewController.m */ = {isa = PBXFileReference; fileEncoding = 4; lastKnownFileType = sourcecode.c.objc; path = BCScannerViewController.m; sourceTree = "<group>"; };
		49448D62194693F100765F66 /* BCVideoPreviewView.h */ = {isa = PBXFileReference; fileEncoding = 4; lastKnownFileType = sourcecode.c.h; path = BCVideoPreviewView.h; sourceTree = "<group>"; };
		49448D63194693F100765F66 /* BCVideoPreviewView.m */ = {isa = PBXFileReference; fileEncoding = 4; lastKnownFileType = sourcecode.c.objc; path = BCVideoPreviewView.m; sourceTree = "<group>"; };
		49448D6819469ED500765F66 /* WalletListController.h */ = {isa = PBXFileReference; fileEncoding = 4; lastKnownFileType = sourcecode.c.h; name = WalletListController.h; path = ../WalletListController.h; sourceTree = "<group>"; };
		49448D6919469ED500765F66 /* WalletListController.m */ = {isa = PBXFileReference; fileEncoding = 4; lastKnownFileType = sourcecode.c.objc; name = WalletListController.m; path = ../WalletListController.m; sourceTree = "<group>"; };
		494C4C77192C1D8500545434 /* AddWalletViewController.h */ = {isa = PBXFileReference; fileEncoding = 4; lastKnownFileType = sourcecode.c.h; path = AddWalletViewController.h; sourceTree = "<group>"; };
		494C4C78192C1D8500545434 /* AddWalletViewController.m */ = {isa = PBXFileReference; fileEncoding = 4; lastKnownFileType = sourcecode.c.objc; path = AddWalletViewController.m; sourceTree = "<group>"; };
		494C4C7A192C1D8F00545434 /* DogeChainHandler.h */ = {isa = PBXFileReference; fileEncoding = 4; lastKnownFileType = sourcecode.c.h; path = DogeChainHandler.h; sourceTree = "<group>"; };
		494C4C7B192C1D8F00545434 /* DogeChainHandler.m */ = {isa = PBXFileReference; fileEncoding = 4; lastKnownFileType = sourcecode.c.objc; path = DogeChainHandler.m; sourceTree = "<group>"; };
		494C4C7D192C1D9A00545434 /* DogecoinWallet.h */ = {isa = PBXFileReference; fileEncoding = 4; lastKnownFileType = sourcecode.c.h; path = DogecoinWallet.h; sourceTree = "<group>"; };
		494C4C7E192C1D9A00545434 /* DogecoinWallet.m */ = {isa = PBXFileReference; fileEncoding = 4; lastKnownFileType = sourcecode.c.objc; path = DogecoinWallet.m; sourceTree = "<group>"; };
		49521D81196F204A00BFCF95 /* PassViewController.h */ = {isa = PBXFileReference; fileEncoding = 4; lastKnownFileType = sourcecode.c.h; path = PassViewController.h; sourceTree = "<group>"; };
		49521D82196F204A00BFCF95 /* PassViewController.m */ = {isa = PBXFileReference; fileEncoding = 4; lastKnownFileType = sourcecode.c.objc; path = PassViewController.m; sourceTree = "<group>"; };
		4952F46B1970D89400FE9D96 /* Graveyard.storyboard */ = {isa = PBXFileReference; fileEncoding = 4; lastKnownFileType = file.storyboard; path = Graveyard.storyboard; sourceTree = "<group>"; };
		49606ECD19299A33005072D2 /* ApiKeyViewController.h */ = {isa = PBXFileReference; fileEncoding = 4; lastKnownFileType = sourcecode.c.h; path = ApiKeyViewController.h; sourceTree = "<group>"; };
		49606ECE19299A33005072D2 /* ApiKeyViewController.m */ = {isa = PBXFileReference; fileEncoding = 4; lastKnownFileType = sourcecode.c.objc; path = ApiKeyViewController.m; sourceTree = "<group>"; };
		4975EA2F192D77D600D136A9 /* TransactionCompleteViewController.h */ = {isa = PBXFileReference; fileEncoding = 4; lastKnownFileType = sourcecode.c.h; path = TransactionCompleteViewController.h; sourceTree = "<group>"; };
		4975EA30192D77D600D136A9 /* TransactionCompleteViewController.m */ = {isa = PBXFileReference; fileEncoding = 4; lastKnownFileType = sourcecode.c.objc; path = TransactionCompleteViewController.m; sourceTree = "<group>"; };
		498D03021943E731004BC0B0 /* dknobg.png */ = {isa = PBXFileReference; lastKnownFileType = image.png; path = dknobg.png; sourceTree = "<group>"; };
		498D03041943E963004BC0B0 /* AboutViewController.h */ = {isa = PBXFileReference; fileEncoding = 4; lastKnownFileType = sourcecode.c.h; path = AboutViewController.h; sourceTree = "<group>"; };
		498D03051943E963004BC0B0 /* AboutViewController.m */ = {isa = PBXFileReference; fileEncoding = 4; lastKnownFileType = sourcecode.c.objc; path = AboutViewController.m; sourceTree = "<group>"; };
		499705D71927D6CE00C53D78 /* DogeTransaction.h */ = {isa = PBXFileReference; fileEncoding = 4; lastKnownFileType = sourcecode.c.h; path = DogeTransaction.h; sourceTree = "<group>"; };
		499705D81927D6CE00C53D78 /* DogeTransaction.m */ = {isa = PBXFileReference; fileEncoding = 4; lastKnownFileType = sourcecode.c.objc; path = DogeTransaction.m; sourceTree = "<group>"; };
		499705DA1927D9DF00C53D78 /* MainViewController.h */ = {isa = PBXFileReference; fileEncoding = 4; lastKnownFileType = sourcecode.c.h; path = MainViewController.h; sourceTree = "<group>"; };
		499705DB1927D9DF00C53D78 /* MainViewController.m */ = {isa = PBXFileReference; fileEncoding = 4; lastKnownFileType = sourcecode.c.objc; path = MainViewController.m; sourceTree = "<group>"; };
		499705DD1927DE4C00C53D78 /* ExchangeViewController.h */ = {isa = PBXFileReference; fileEncoding = 4; lastKnownFileType = sourcecode.c.h; name = ExchangeViewController.h; path = ../ExchangeViewController.h; sourceTree = "<group>"; };
		499705DE1927DE4C00C53D78 /* ExchangeViewController.m */ = {isa = PBXFileReference; fileEncoding = 4; lastKnownFileType = sourcecode.c.objc; name = ExchangeViewController.m; path = ../ExchangeViewController.m; sourceTree = "<group>"; };
		499705E01927DFFE00C53D78 /* WelcomeViewController.h */ = {isa = PBXFileReference; fileEncoding = 4; lastKnownFileType = sourcecode.c.h; name = WelcomeViewController.h; path = ../WelcomeViewController.h; sourceTree = "<group>"; };
		499705E11927DFFE00C53D78 /* WelcomeViewController.m */ = {isa = PBXFileReference; fileEncoding = 4; lastKnownFileType = sourcecode.c.objc; name = WelcomeViewController.m; path = ../WelcomeViewController.m; sourceTree = "<group>"; };
		499705E31927E06100C53D78 /* WalletsViewController.h */ = {isa = PBXFileReference; fileEncoding = 4; lastKnownFileType = sourcecode.c.h; path = WalletsViewController.h; sourceTree = "<group>"; };
		499705E41927E06100C53D78 /* WalletsViewController.m */ = {isa = PBXFileReference; fileEncoding = 4; lastKnownFileType = sourcecode.c.objc; path = WalletsViewController.m; sourceTree = "<group>"; };
		499705E61927E78000C53D78 /* SendViewController.h */ = {isa = PBXFileReference; fileEncoding = 4; lastKnownFileType = sourcecode.c.h; path = SendViewController.h; sourceTree = "<group>"; };
		499705E71927E78000C53D78 /* SendViewController.m */ = {isa = PBXFileReference; fileEncoding = 4; lastKnownFileType = sourcecode.c.objc; path = SendViewController.m; sourceTree = "<group>"; };
		499705E91927E82D00C53D78 /* DogeViewController.h */ = {isa = PBXFileReference; fileEncoding = 4; lastKnownFileType = sourcecode.c.h; path = DogeViewController.h; sourceTree = "<group>"; };
		499705EA1927E82D00C53D78 /* DogeViewController.m */ = {isa = PBXFileReference; fileEncoding = 4; lastKnownFileType = sourcecode.c.objc; path = DogeViewController.m; sourceTree = "<group>"; };
		49A1CB64192AD8EE00D4EA5F /* SettingsViewController.h */ = {isa = PBXFileReference; fileEncoding = 4; lastKnownFileType = sourcecode.c.h; path = SettingsViewController.h; sourceTree = "<group>"; };
		49A1CB65192AD8EE00D4EA5F /* SettingsViewController.m */ = {isa = PBXFileReference; fileEncoding = 4; lastKnownFileType = sourcecode.c.objc; path = SettingsViewController.m; sourceTree = "<group>"; };
		49B82A18194CE0FD00B9B4B6 /* HistoryViewController.h */ = {isa = PBXFileReference; fileEncoding = 4; lastKnownFileType = sourcecode.c.h; path = HistoryViewController.h; sourceTree = "<group>"; };
		49B82A19194CE0FD00B9B4B6 /* HistoryViewController.m */ = {isa = PBXFileReference; fileEncoding = 4; lastKnownFileType = sourcecode.c.objc; path = HistoryViewController.m; sourceTree = "<group>"; };
		49B82A1E194CED2100B9B4B6 /* WalletDetailViewController.h */ = {isa = PBXFileReference; fileEncoding = 4; lastKnownFileType = sourcecode.c.h; path = WalletDetailViewController.h; sourceTree = "<group>"; };
		49B82A1F194CED2100B9B4B6 /* WalletDetailViewController.m */ = {isa = PBXFileReference; fileEncoding = 4; lastKnownFileType = sourcecode.c.objc; path = WalletDetailViewController.m; sourceTree = "<group>"; };
		49DDD468194E026200C3C6FD /* bitstream.c */ = {isa = PBXFileReference; fileEncoding = 4; lastKnownFileType = sourcecode.c.c; path = bitstream.c; sourceTree = "<group>"; };
		49DDD469194E026200C3C6FD /* bitstream.h */ = {isa = PBXFileReference; fileEncoding = 4; lastKnownFileType = sourcecode.c.h; path = bitstream.h; sourceTree = "<group>"; };
		49DDD46A194E026200C3C6FD /* mask.c */ = {isa = PBXFileReference; fileEncoding = 4; lastKnownFileType = sourcecode.c.c; path = mask.c; sourceTree = "<group>"; };
		49DDD46B194E026200C3C6FD /* mask.h */ = {isa = PBXFileReference; fileEncoding = 4; lastKnownFileType = sourcecode.c.h; path = mask.h; sourceTree = "<group>"; };
		49DDD46C194E026200C3C6FD /* qrencode.c */ = {isa = PBXFileReference; fileEncoding = 4; lastKnownFileType = sourcecode.c.c; path = qrencode.c; sourceTree = "<group>"; };
		49DDD46D194E026200C3C6FD /* qrencode.h */ = {isa = PBXFileReference; fileEncoding = 4; lastKnownFileType = sourcecode.c.h; path = qrencode.h; sourceTree = "<group>"; };
		49DDD46E194E026200C3C6FD /* qrinput.c */ = {isa = PBXFileReference; fileEncoding = 4; lastKnownFileType = sourcecode.c.c; path = qrinput.c; sourceTree = "<group>"; };
		49DDD46F194E026200C3C6FD /* qrinput.h */ = {isa = PBXFileReference; fileEncoding = 4; lastKnownFileType = sourcecode.c.h; path = qrinput.h; sourceTree = "<group>"; };
		49DDD470194E026200C3C6FD /* qrspec.c */ = {isa = PBXFileReference; fileEncoding = 4; lastKnownFileType = sourcecode.c.c; path = qrspec.c; sourceTree = "<group>"; };
		49DDD471194E026200C3C6FD /* qrspec.h */ = {isa = PBXFileReference; fileEncoding = 4; lastKnownFileType = sourcecode.c.h; path = qrspec.h; sourceTree = "<group>"; };
		49DDD472194E026200C3C6FD /* rscode.c */ = {isa = PBXFileReference; fileEncoding = 4; lastKnownFileType = sourcecode.c.c; path = rscode.c; sourceTree = "<group>"; };
		49DDD473194E026200C3C6FD /* rscode.h */ = {isa = PBXFileReference; fileEncoding = 4; lastKnownFileType = sourcecode.c.h; path = rscode.h; sourceTree = "<group>"; };
		49DDD474194E026200C3C6FD /* split.c */ = {isa = PBXFileReference; fileEncoding = 4; lastKnownFileType = sourcecode.c.c; path = split.c; sourceTree = "<group>"; };
		49DDD475194E026200C3C6FD /* split.h */ = {isa = PBXFileReference; fileEncoding = 4; lastKnownFileType = sourcecode.c.h; path = split.h; sourceTree = "<group>"; };
		49DDD476194E026200C3C6FD /* UIImage+MDQRCode.h */ = {isa = PBXFileReference; fileEncoding = 4; lastKnownFileType = sourcecode.c.h; path = "UIImage+MDQRCode.h"; sourceTree = "<group>"; };
		49DDD477194E026200C3C6FD /* UIImage+MDQRCode.m */ = {isa = PBXFileReference; fileEncoding = 4; lastKnownFileType = sourcecode.c.objc; path = "UIImage+MDQRCode.m"; sourceTree = "<group>"; };
		49DDD480194E802000C3C6FD /* bar-128.png */ = {isa = PBXFileReference; lastKnownFileType = image.png; path = "bar-128.png"; sourceTree = "<group>"; };
		49DDD481194E802000C3C6FD /* money-128.png */ = {isa = PBXFileReference; lastKnownFileType = image.png; path = "money-128.png"; sourceTree = "<group>"; };
		49DDD482194E802000C3C6FD /* settings-128.png */ = {isa = PBXFileReference; lastKnownFileType = image.png; path = "settings-128.png"; sourceTree = "<group>"; };
		49DDD483194E802000C3C6FD /* wallet-128.png */ = {isa = PBXFileReference; lastKnownFileType = image.png; path = "wallet-128.png"; sourceTree = "<group>"; };
		49DDD488194E809000C3C6FD /* money-32.png */ = {isa = PBXFileReference; lastKnownFileType = image.png; path = "money-32.png"; sourceTree = "<group>"; };
		49DDD48A194E80D100C3C6FD /* wallet-32.png */ = {isa = PBXFileReference; lastKnownFileType = image.png; path = "wallet-32.png"; sourceTree = "<group>"; };
		49DDD48C194E80DD00C3C6FD /* settings-32.png */ = {isa = PBXFileReference; lastKnownFileType = image.png; path = "settings-32.png"; sourceTree = "<group>"; };
		49DDD48E194E811000C3C6FD /* line_chart-32.png */ = {isa = PBXFileReference; lastKnownFileType = image.png; path = "line_chart-32.png"; sourceTree = "<group>"; };
		49E381D4194B83AD00E38558 /* donate.jpeg */ = {isa = PBXFileReference; lastKnownFileType = image.jpeg; path = donate.jpeg; sourceTree = "<group>"; };
/* End PBXFileReference section */

/* Begin PBXFrameworksBuildPhase section */
		4911D6301926F25C009B9C5B /* Frameworks */ = {
			isa = PBXFrameworksBuildPhase;
			buildActionMask = 2147483647;
			files = (
				49448D3619468B6800765F66 /* AVFoundation.framework in Frameworks */,
				49448D3719468B6800765F66 /* CoreMedia.framework in Frameworks */,
				49448D3819468B6800765F66 /* CoreVideo.framework in Frameworks */,
				49448D3919468B6800765F66 /* libiconv.dylib in Frameworks */,
				49448D3A19468B6800765F66 /* QuartzCore.framework in Frameworks */,
				4911D6391926F25C009B9C5B /* CoreGraphics.framework in Frameworks */,
				4911D63B1926F25C009B9C5B /* UIKit.framework in Frameworks */,
				4911D6371926F25C009B9C5B /* Foundation.framework in Frameworks */,
			);
			runOnlyForDeploymentPostprocessing = 0;
		};
		4911D6571926F25D009B9C5B /* Frameworks */ = {
			isa = PBXFrameworksBuildPhase;
			buildActionMask = 2147483647;
			files = (
				4911D65C1926F25D009B9C5B /* XCTest.framework in Frameworks */,
				4911D65E1926F25D009B9C5B /* UIKit.framework in Frameworks */,
				4911D65D1926F25D009B9C5B /* Foundation.framework in Frameworks */,
			);
			runOnlyForDeploymentPostprocessing = 0;
		};
/* End PBXFrameworksBuildPhase section */

/* Begin PBXGroup section */
		4911D62A1926F25C009B9C5B = {
			isa = PBXGroup;
			children = (
				4911D63C1926F25C009B9C5B /* DogeKeeper */,
				4911D6611926F25D009B9C5B /* DogeKeeperTests */,
				4911D6351926F25C009B9C5B /* Frameworks */,
				4911D6341926F25C009B9C5B /* Products */,
			);
			sourceTree = "<group>";
		};
		4911D6341926F25C009B9C5B /* Products */ = {
			isa = PBXGroup;
			children = (
				4911D6331926F25C009B9C5B /* DogeKeeper.app */,
				4911D65A1926F25D009B9C5B /* DogeKeeperTests.xctest */,
			);
			name = Products;
			sourceTree = "<group>";
		};
		4911D6351926F25C009B9C5B /* Frameworks */ = {
			isa = PBXGroup;
			children = (
				49448D3119468B6800765F66 /* AVFoundation.framework */,
				49448D3219468B6800765F66 /* CoreMedia.framework */,
				49448D3319468B6800765F66 /* CoreVideo.framework */,
				49448D3419468B6800765F66 /* libiconv.dylib */,
				49448D3519468B6800765F66 /* QuartzCore.framework */,
				4911D6361926F25C009B9C5B /* Foundation.framework */,
				4911D6381926F25C009B9C5B /* CoreGraphics.framework */,
				4911D63A1926F25C009B9C5B /* UIKit.framework */,
				4911D65B1926F25D009B9C5B /* XCTest.framework */,
			);
			name = Frameworks;
			sourceTree = "<group>";
		};
		4911D63C1926F25C009B9C5B /* DogeKeeper */ = {
			isa = PBXGroup;
			children = (
				4911D6451926F25D009B9C5B /* AppDelegate.h */,
				4911D6461926F25D009B9C5B /* AppDelegate.m */,
				49448D61194693F100765F66 /* Private */,
				49448D5E1946913200765F66 /* BCScannerViewController.h */,
				49448D5F1946913200765F66 /* BCScannerViewController.m */,
				4940B90E196CE84C008D95CE /* AESCrypt */,
				49DDD466194E026200C3C6FD /* QR */,
				4911D6771927090B009B9C5B /* dogecoind.png */,
				49E381D4194B83AD00E38558 /* donate.jpeg */,
				498D03021943E731004BC0B0 /* dknobg.png */,
				49DDD480194E802000C3C6FD /* bar-128.png */,
				49DDD481194E802000C3C6FD /* money-128.png */,
				49DDD482194E802000C3C6FD /* settings-128.png */,
				49DDD483194E802000C3C6FD /* wallet-128.png */,
				49DDD488194E809000C3C6FD /* money-32.png */,
				49DDD48A194E80D100C3C6FD /* wallet-32.png */,
				49DDD48C194E80DD00C3C6FD /* settings-32.png */,
				49DDD48E194E811000C3C6FD /* line_chart-32.png */,
				493BF7A3196E305000947A05 /* lock-32.png */,
				4911D6711926FA5F009B9C5B /* DogeAPIHandler.h */,
				4911D6721926FA5F009B9C5B /* DogeAPIHandler.m */,
				493BF7A0196E2F0F00947A05 /* EncryptionHelper.h */,
				493BF7A1196E2F0F00947A05 /* EncryptionHelper.m */,
				494C4C7A192C1D8F00545434 /* DogeChainHandler.h */,
				494C4C7B192C1D8F00545434 /* DogeChainHandler.m */,
				494C4C7D192C1D9A00545434 /* DogecoinWallet.h */,
				494C4C7E192C1D9A00545434 /* DogecoinWallet.m */,
				499705D71927D6CE00C53D78 /* DogeTransaction.h */,
				499705D81927D6CE00C53D78 /* DogeTransaction.m */,
				4952F46B1970D89400FE9D96 /* Graveyard.storyboard */,
				4911D6481926F25D009B9C5B /* Main_iPhone.storyboard */,
				49521D81196F204A00BFCF95 /* PassViewController.h */,
				49521D82196F204A00BFCF95 /* PassViewController.m */,
				4975EA2F192D77D600D136A9 /* TransactionCompleteViewController.h */,
				4975EA30192D77D600D136A9 /* TransactionCompleteViewController.m */,
				49B82A18194CE0FD00B9B4B6 /* HistoryViewController.h */,
				49B82A19194CE0FD00B9B4B6 /* HistoryViewController.m */,
				49448D6819469ED500765F66 /* WalletListController.h */,
				49448D6919469ED500765F66 /* WalletListController.m */,
				49B82A1E194CED2100B9B4B6 /* WalletDetailViewController.h */,
				49B82A1F194CED2100B9B4B6 /* WalletDetailViewController.m */,
				494C4C77192C1D8500545434 /* AddWalletViewController.h */,
				494C4C78192C1D8500545434 /* AddWalletViewController.m */,
				49A1CB64192AD8EE00D4EA5F /* SettingsViewController.h */,
				49A1CB65192AD8EE00D4EA5F /* SettingsViewController.m */,
				49606ECD19299A33005072D2 /* ApiKeyViewController.h */,
				49606ECE19299A33005072D2 /* ApiKeyViewController.m */,
				499705E91927E82D00C53D78 /* DogeViewController.h */,
				499705EA1927E82D00C53D78 /* DogeViewController.m */,
				499705E61927E78000C53D78 /* SendViewController.h */,
				499705E71927E78000C53D78 /* SendViewController.m */,
				499705E31927E06100C53D78 /* WalletsViewController.h */,
				499705E41927E06100C53D78 /* WalletsViewController.m */,
				499705DA1927D9DF00C53D78 /* MainViewController.h */,
				499705DB1927D9DF00C53D78 /* MainViewController.m */,
				499705DD1927DE4C00C53D78 /* ExchangeViewController.h */,
				499705DE1927DE4C00C53D78 /* ExchangeViewController.m */,
				499705E01927DFFE00C53D78 /* WelcomeViewController.h */,
				499705E11927DFFE00C53D78 /* WelcomeViewController.m */,
				498D03041943E963004BC0B0 /* AboutViewController.h */,
				498D03051943E963004BC0B0 /* AboutViewController.m */,
				4911D6541926F25D009B9C5B /* Images.xcassets */,
				4911D63D1926F25C009B9C5B /* Supporting Files */,
			);
			path = DogeKeeper;
			sourceTree = "<group>";
		};
		4911D63D1926F25C009B9C5B /* Supporting Files */ = {
			isa = PBXGroup;
			children = (
				4911D63E1926F25C009B9C5B /* DogeKeeper-Info.plist */,
				4911D63F1926F25C009B9C5B /* InfoPlist.strings */,
				4911D6421926F25C009B9C5B /* main.m */,
				4911D6441926F25D009B9C5B /* DogeKeeper-Prefix.pch */,
			);
			name = "Supporting Files";
			sourceTree = "<group>";
		};
		4911D6611926F25D009B9C5B /* DogeKeeperTests */ = {
			isa = PBXGroup;
			children = (
				4911D6671926F25D009B9C5B /* DogeKeeperTests.m */,
				4911D6621926F25D009B9C5B /* Supporting Files */,
			);
			path = DogeKeeperTests;
			sourceTree = "<group>";
		};
		4911D6621926F25D009B9C5B /* Supporting Files */ = {
			isa = PBXGroup;
			children = (
				4911D6631926F25D009B9C5B /* DogeKeeperTests-Info.plist */,
				4911D6641926F25D009B9C5B /* InfoPlist.strings */,
			);
			name = "Supporting Files";
			sourceTree = "<group>";
		};
		4940B90E196CE84C008D95CE /* AESCrypt */ = {
			isa = PBXGroup;
			children = (
				4940B90F196CE84C008D95CE /* .gitignore */,
				4940B910196CE84C008D95CE /* AESCrypt.h */,
				4940B911196CE84C008D95CE /* AESCrypt.m */,
				4940B912196CE84C008D95CE /* LICENSE */,
				4940B913196CE84C008D95CE /* NSData+Base64.h */,
				4940B914196CE84C008D95CE /* NSData+Base64.m */,
				4940B915196CE84C008D95CE /* NSData+CommonCrypto.h */,
				4940B916196CE84C008D95CE /* NSData+CommonCrypto.m */,
				4940B917196CE84C008D95CE /* NSString+Base64.h */,
				4940B918196CE84C008D95CE /* NSString+Base64.m */,
				4940B919196CE84C008D95CE /* README.md */,
			);
			path = AESCrypt;
			sourceTree = "<group>";
		};
		49448D61194693F100765F66 /* Private */ = {
			isa = PBXGroup;
			children = (
				49448D62194693F100765F66 /* BCVideoPreviewView.h */,
				49448D63194693F100765F66 /* BCVideoPreviewView.m */,
			);
			path = Private;
			sourceTree = "<group>";
		};
		49DDD466194E026200C3C6FD /* QR */ = {
			isa = PBXGroup;
			children = (
				49DDD467194E026200C3C6FD /* libqrencode */,
				49DDD476194E026200C3C6FD /* UIImage+MDQRCode.h */,
				49DDD477194E026200C3C6FD /* UIImage+MDQRCode.m */,
			);
			path = QR;
			sourceTree = "<group>";
		};
		49DDD467194E026200C3C6FD /* libqrencode */ = {
			isa = PBXGroup;
			children = (
				49DDD468194E026200C3C6FD /* bitstream.c */,
				49DDD469194E026200C3C6FD /* bitstream.h */,
				49DDD46A194E026200C3C6FD /* mask.c */,
				49DDD46B194E026200C3C6FD /* mask.h */,
				49DDD46C194E026200C3C6FD /* qrencode.c */,
				49DDD46D194E026200C3C6FD /* qrencode.h */,
				49DDD46E194E026200C3C6FD /* qrinput.c */,
				49DDD46F194E026200C3C6FD /* qrinput.h */,
				49DDD470194E026200C3C6FD /* qrspec.c */,
				49DDD471194E026200C3C6FD /* qrspec.h */,
				49DDD472194E026200C3C6FD /* rscode.c */,
				49DDD473194E026200C3C6FD /* rscode.h */,
				49DDD474194E026200C3C6FD /* split.c */,
				49DDD475194E026200C3C6FD /* split.h */,
			);
			path = libqrencode;
			sourceTree = "<group>";
		};
/* End PBXGroup section */

/* Begin PBXNativeTarget section */
		4911D6321926F25C009B9C5B /* DogeKeeper */ = {
			isa = PBXNativeTarget;
			buildConfigurationList = 4911D66B1926F25D009B9C5B /* Build configuration list for PBXNativeTarget "DogeKeeper" */;
			buildPhases = (
				4911D62F1926F25C009B9C5B /* Sources */,
				4911D6301926F25C009B9C5B /* Frameworks */,
				4911D6311926F25C009B9C5B /* Resources */,
			);
			buildRules = (
			);
			dependencies = (
			);
			name = DogeKeeper;
			productName = DogeKeeper;
			productReference = 4911D6331926F25C009B9C5B /* DogeKeeper.app */;
			productType = "com.apple.product-type.application";
		};
		4911D6591926F25D009B9C5B /* DogeKeeperTests */ = {
			isa = PBXNativeTarget;
			buildConfigurationList = 4911D66E1926F25D009B9C5B /* Build configuration list for PBXNativeTarget "DogeKeeperTests" */;
			buildPhases = (
				4911D6561926F25D009B9C5B /* Sources */,
				4911D6571926F25D009B9C5B /* Frameworks */,
				4911D6581926F25D009B9C5B /* Resources */,
			);
			buildRules = (
			);
			dependencies = (
				4911D6601926F25D009B9C5B /* PBXTargetDependency */,
			);
			name = DogeKeeperTests;
			productName = DogeKeeperTests;
			productReference = 4911D65A1926F25D009B9C5B /* DogeKeeperTests.xctest */;
			productType = "com.apple.product-type.bundle.unit-test";
		};
/* End PBXNativeTarget section */

/* Begin PBXProject section */
		4911D62B1926F25C009B9C5B /* Project object */ = {
			isa = PBXProject;
			attributes = {
				LastUpgradeCheck = 0510;
				ORGANIZATIONNAME = "Andrew Arpasi";
				TargetAttributes = {
					4911D6321926F25C009B9C5B = {
						DevelopmentTeam = NJKXF7XV99;
					};
					4911D6591926F25D009B9C5B = {
						TestTargetID = 4911D6321926F25C009B9C5B;
					};
				};
			};
			buildConfigurationList = 4911D62E1926F25C009B9C5B /* Build configuration list for PBXProject "DogeKeeper" */;
			compatibilityVersion = "Xcode 3.2";
			developmentRegion = English;
			hasScannedForEncodings = 0;
			knownRegions = (
				en,
				Base,
			);
			mainGroup = 4911D62A1926F25C009B9C5B;
			productRefGroup = 4911D6341926F25C009B9C5B /* Products */;
			projectDirPath = "";
			projectRoot = "";
			targets = (
				4911D6321926F25C009B9C5B /* DogeKeeper */,
				4911D6591926F25D009B9C5B /* DogeKeeperTests */,
			);
		};
/* End PBXProject section */

/* Begin PBXResourcesBuildPhase section */
		4911D6311926F25C009B9C5B /* Resources */ = {
			isa = PBXResourcesBuildPhase;
			buildActionMask = 2147483647;
			files = (
				49DDD485194E802000C3C6FD /* money-128.png in Resources */,
				49E381D5194B83AE00E38558 /* donate.jpeg in Resources */,
				49DDD484194E802000C3C6FD /* bar-128.png in Resources */,
				4952F46C1970D89400FE9D96 /* Graveyard.storyboard in Resources */,
				498D03031943E731004BC0B0 /* dknobg.png in Resources */,
				4911D6781927090B009B9C5B /* dogecoind.png in Resources */,
				4911D6551926F25D009B9C5B /* Images.xcassets in Resources */,
				49DDD487194E802000C3C6FD /* wallet-128.png in Resources */,
				49DDD48B194E80D100C3C6FD /* wallet-32.png in Resources */,
				49DDD48D194E80DD00C3C6FD /* settings-32.png in Resources */,
				49DDD486194E802000C3C6FD /* settings-128.png in Resources */,
				4940B91C196CE84C008D95CE /* LICENSE in Resources */,
				4940B920196CE84C008D95CE /* README.md in Resources */,
				4940B91A196CE84C008D95CE /* .gitignore in Resources */,
				493BF7A4196E305000947A05 /* lock-32.png in Resources */,
				49DDD489194E809000C3C6FD /* money-32.png in Resources */,
				49DDD48F194E811000C3C6FD /* line_chart-32.png in Resources */,
				4911D64A1926F25D009B9C5B /* Main_iPhone.storyboard in Resources */,
				4911D6411926F25C009B9C5B /* InfoPlist.strings in Resources */,
			);
			runOnlyForDeploymentPostprocessing = 0;
		};
		4911D6581926F25D009B9C5B /* Resources */ = {
			isa = PBXResourcesBuildPhase;
			buildActionMask = 2147483647;
			files = (
				4911D6661926F25D009B9C5B /* InfoPlist.strings in Resources */,
			);
			runOnlyForDeploymentPostprocessing = 0;
		};
/* End PBXResourcesBuildPhase section */

/* Begin PBXSourcesBuildPhase section */
		4911D62F1926F25C009B9C5B /* Sources */ = {
			isa = PBXSourcesBuildPhase;
			buildActionMask = 2147483647;
			files = (
				498D03061943E963004BC0B0 /* AboutViewController.m in Sources */,
				499705E81927E78000C53D78 /* SendViewController.m in Sources */,
				4911D6731926FA5F009B9C5B /* DogeAPIHandler.m in Sources */,
				49606ECF19299A33005072D2 /* ApiKeyViewController.m in Sources */,
				49DDD47A194E026200C3C6FD /* qrencode.c in Sources */,
				49521D83196F204A00BFCF95 /* PassViewController.m in Sources */,
				49A1CB66192AD8EE00D4EA5F /* SettingsViewController.m in Sources */,
				4940B91E196CE84C008D95CE /* NSData+CommonCrypto.m in Sources */,
				49DDD47D194E026200C3C6FD /* rscode.c in Sources */,
				494C4C79192C1D8500545434 /* AddWalletViewController.m in Sources */,
				499705DF1927DE4C00C53D78 /* ExchangeViewController.m in Sources */,
				49DDD478194E026200C3C6FD /* bitstream.c in Sources */,
				4911D6471926F25D009B9C5B /* AppDelegate.m in Sources */,
				49448D64194693F100765F66 /* BCVideoPreviewView.m in Sources */,
				49DDD47C194E026200C3C6FD /* qrspec.c in Sources */,
				49DDD479194E026200C3C6FD /* mask.c in Sources */,
				4940B91D196CE84C008D95CE /* NSData+Base64.m in Sources */,
				493BF7A2196E2F0F00947A05 /* EncryptionHelper.m in Sources */,
				499705D91927D6CE00C53D78 /* DogeTransaction.m in Sources */,
				49DDD47B194E026200C3C6FD /* qrinput.c in Sources */,
				4940B91B196CE84C008D95CE /* AESCrypt.m in Sources */,
				49B82A20194CED2100B9B4B6 /* WalletDetailViewController.m in Sources */,
				49DDD47F194E026200C3C6FD /* UIImage+MDQRCode.m in Sources */,
				49DDD47E194E026200C3C6FD /* split.c in Sources */,
				499705DC1927D9DF00C53D78 /* MainViewController.m in Sources */,
				494C4C7F192C1D9A00545434 /* DogecoinWallet.m in Sources */,
				494C4C7C192C1D8F00545434 /* DogeChainHandler.m in Sources */,
				499705E51927E06100C53D78 /* WalletsViewController.m in Sources */,
				49B82A1A194CE0FD00B9B4B6 /* HistoryViewController.m in Sources */,
				49448D601946913200765F66 /* BCScannerViewController.m in Sources */,
				4975EA31192D77D600D136A9 /* TransactionCompleteViewController.m in Sources */,
				49448D6A19469ED500765F66 /* WalletListController.m in Sources */,
				499705E21927DFFE00C53D78 /* WelcomeViewController.m in Sources */,
				4911D6431926F25C009B9C5B /* main.m in Sources */,
				499705EB1927E82D00C53D78 /* DogeViewController.m in Sources */,
				4940B91F196CE84C008D95CE /* NSString+Base64.m in Sources */,
			);
			runOnlyForDeploymentPostprocessing = 0;
		};
		4911D6561926F25D009B9C5B /* Sources */ = {
			isa = PBXSourcesBuildPhase;
			buildActionMask = 2147483647;
			files = (
				4911D6681926F25D009B9C5B /* DogeKeeperTests.m in Sources */,
			);
			runOnlyForDeploymentPostprocessing = 0;
		};
/* End PBXSourcesBuildPhase section */

/* Begin PBXTargetDependency section */
		4911D6601926F25D009B9C5B /* PBXTargetDependency */ = {
			isa = PBXTargetDependency;
			target = 4911D6321926F25C009B9C5B /* DogeKeeper */;
			targetProxy = 4911D65F1926F25D009B9C5B /* PBXContainerItemProxy */;
		};
/* End PBXTargetDependency section */

/* Begin PBXVariantGroup section */
		4911D63F1926F25C009B9C5B /* InfoPlist.strings */ = {
			isa = PBXVariantGroup;
			children = (
				4911D6401926F25C009B9C5B /* en */,
			);
			name = InfoPlist.strings;
			sourceTree = "<group>";
		};
		4911D6481926F25D009B9C5B /* Main_iPhone.storyboard */ = {
			isa = PBXVariantGroup;
			children = (
				4911D6491926F25D009B9C5B /* Base */,
			);
			name = Main_iPhone.storyboard;
			sourceTree = "<group>";
		};
		4911D6641926F25D009B9C5B /* InfoPlist.strings */ = {
			isa = PBXVariantGroup;
			children = (
				4911D6651926F25D009B9C5B /* en */,
			);
			name = InfoPlist.strings;
			sourceTree = "<group>";
		};
/* End PBXVariantGroup section */

/* Begin XCBuildConfiguration section */
		4911D6691926F25D009B9C5B /* Debug */ = {
			isa = XCBuildConfiguration;
			buildSettings = {
				ALWAYS_SEARCH_USER_PATHS = NO;
				CLANG_CXX_LANGUAGE_STANDARD = "gnu++0x";
				CLANG_CXX_LIBRARY = "libc++";
				CLANG_ENABLE_MODULES = YES;
				CLANG_ENABLE_OBJC_ARC = YES;
				CLANG_WARN_BOOL_CONVERSION = YES;
				CLANG_WARN_CONSTANT_CONVERSION = YES;
				CLANG_WARN_DIRECT_OBJC_ISA_USAGE = YES_ERROR;
				CLANG_WARN_EMPTY_BODY = YES;
				CLANG_WARN_ENUM_CONVERSION = YES;
				CLANG_WARN_INT_CONVERSION = YES;
				CLANG_WARN_OBJC_ROOT_CLASS = YES_ERROR;
				CLANG_WARN__DUPLICATE_METHOD_MATCH = YES;
				"CODE_SIGN_IDENTITY[sdk=iphoneos*]" = "iPhone Developer";
				COPY_PHASE_STRIP = NO;
				GCC_C_LANGUAGE_STANDARD = gnu99;
				GCC_DYNAMIC_NO_PIC = NO;
				GCC_OPTIMIZATION_LEVEL = 0;
				GCC_PREPROCESSOR_DEFINITIONS = (
					"DEBUG=1",
					"$(inherited)",
				);
				GCC_SYMBOLS_PRIVATE_EXTERN = NO;
				GCC_WARN_64_TO_32_BIT_CONVERSION = YES;
				GCC_WARN_ABOUT_RETURN_TYPE = YES_ERROR;
				GCC_WARN_UNDECLARED_SELECTOR = YES;
				GCC_WARN_UNINITIALIZED_AUTOS = YES_AGGRESSIVE;
				GCC_WARN_UNUSED_FUNCTION = YES;
				GCC_WARN_UNUSED_VARIABLE = YES;
				IPHONEOS_DEPLOYMENT_TARGET = 7.1;
				ONLY_ACTIVE_ARCH = YES;
				SDKROOT = iphoneos;
				TARGETED_DEVICE_FAMILY = "1,2";
			};
			name = Debug;
		};
		4911D66A1926F25D009B9C5B /* Release */ = {
			isa = XCBuildConfiguration;
			buildSettings = {
				ALWAYS_SEARCH_USER_PATHS = NO;
				CLANG_CXX_LANGUAGE_STANDARD = "gnu++0x";
				CLANG_CXX_LIBRARY = "libc++";
				CLANG_ENABLE_MODULES = YES;
				CLANG_ENABLE_OBJC_ARC = YES;
				CLANG_WARN_BOOL_CONVERSION = YES;
				CLANG_WARN_CONSTANT_CONVERSION = YES;
				CLANG_WARN_DIRECT_OBJC_ISA_USAGE = YES_ERROR;
				CLANG_WARN_EMPTY_BODY = YES;
				CLANG_WARN_ENUM_CONVERSION = YES;
				CLANG_WARN_INT_CONVERSION = YES;
				CLANG_WARN_OBJC_ROOT_CLASS = YES_ERROR;
				CLANG_WARN__DUPLICATE_METHOD_MATCH = YES;
				"CODE_SIGN_IDENTITY[sdk=iphoneos*]" = "iPhone Developer";
				COPY_PHASE_STRIP = YES;
				ENABLE_NS_ASSERTIONS = NO;
				GCC_C_LANGUAGE_STANDARD = gnu99;
				GCC_WARN_64_TO_32_BIT_CONVERSION = YES;
				GCC_WARN_ABOUT_RETURN_TYPE = YES_ERROR;
				GCC_WARN_UNDECLARED_SELECTOR = YES;
				GCC_WARN_UNINITIALIZED_AUTOS = YES_AGGRESSIVE;
				GCC_WARN_UNUSED_FUNCTION = YES;
				GCC_WARN_UNUSED_VARIABLE = YES;
				IPHONEOS_DEPLOYMENT_TARGET = 7.1;
				SDKROOT = iphoneos;
				TARGETED_DEVICE_FAMILY = "1,2";
				VALIDATE_PRODUCT = YES;
			};
			name = Release;
		};
		4911D66C1926F25D009B9C5B /* Debug */ = {
			isa = XCBuildConfiguration;
			buildSettings = {
				ASSETCATALOG_COMPILER_APPICON_NAME = AppIcon;
				ASSETCATALOG_COMPILER_LAUNCHIMAGE_NAME = LaunchImage;
				CODE_SIGN_IDENTITY = "iPhone Distribution: Paul Arpasi (NJKXF7XV99)";
				GCC_PRECOMPILE_PREFIX_HEADER = YES;
				GCC_PREFIX_HEADER = "DogeKeeper/DogeKeeper-Prefix.pch";
				INFOPLIST_FILE = "DogeKeeper/DogeKeeper-Info.plist";
				IPHONEOS_DEPLOYMENT_TARGET = 7.0;
				LIBRARY_SEARCH_PATHS = (
					"$(inherited)",
					"$(PROJECT_DIR)/DogeKeeper/ZBarSDK",
				);
				PRODUCT_NAME = "$(TARGET_NAME)";
				PROVISIONING_PROFILE = "D63C0EB6-204A-4DC9-939D-FB0322F1DA1B";
				TARGETED_DEVICE_FAMILY = 1;
				WRAPPER_EXTENSION = app;
			};
			name = Debug;
		};
		4911D66D1926F25D009B9C5B /* Release */ = {
			isa = XCBuildConfiguration;
			buildSettings = {
				ASSETCATALOG_COMPILER_APPICON_NAME = AppIcon;
				ASSETCATALOG_COMPILER_LAUNCHIMAGE_NAME = LaunchImage;
				CODE_SIGN_IDENTITY = "iPhone Distribution: Paul Arpasi (NJKXF7XV99)";
				GCC_PRECOMPILE_PREFIX_HEADER = YES;
				GCC_PREFIX_HEADER = "DogeKeeper/DogeKeeper-Prefix.pch";
				INFOPLIST_FILE = "DogeKeeper/DogeKeeper-Info.plist";
				IPHONEOS_DEPLOYMENT_TARGET = 7.0;
				LIBRARY_SEARCH_PATHS = (
					"$(inherited)",
					"$(PROJECT_DIR)/DogeKeeper/ZBarSDK",
				);
				PRODUCT_NAME = "$(TARGET_NAME)";
				PROVISIONING_PROFILE = "D63C0EB6-204A-4DC9-939D-FB0322F1DA1B";
				TARGETED_DEVICE_FAMILY = 1;
				WRAPPER_EXTENSION = app;
			};
			name = Release;
		};
		4911D66F1926F25D009B9C5B /* Debug */ = {
			isa = XCBuildConfiguration;
			buildSettings = {
				BUNDLE_LOADER = "$(BUILT_PRODUCTS_DIR)/DogeKeeper.app/DogeKeeper";
				FRAMEWORK_SEARCH_PATHS = (
					"$(SDKROOT)/Developer/Library/Frameworks",
					"$(inherited)",
					"$(DEVELOPER_FRAMEWORKS_DIR)",
				);
				GCC_PRECOMPILE_PREFIX_HEADER = YES;
				GCC_PREFIX_HEADER = "DogeKeeper/DogeKeeper-Prefix.pch";
				GCC_PREPROCESSOR_DEFINITIONS = (
					"DEBUG=1",
					"$(inherited)",
				);
				INFOPLIST_FILE = "DogeKeeperTests/DogeKeeperTests-Info.plist";
				PRODUCT_NAME = "$(TARGET_NAME)";
				TEST_HOST = "$(BUNDLE_LOADER)";
				WRAPPER_EXTENSION = xctest;
			};
			name = Debug;
		};
		4911D6701926F25D009B9C5B /* Release */ = {
			isa = XCBuildConfiguration;
			buildSettings = {
				BUNDLE_LOADER = "$(BUILT_PRODUCTS_DIR)/DogeKeeper.app/DogeKeeper";
				FRAMEWORK_SEARCH_PATHS = (
					"$(SDKROOT)/Developer/Library/Frameworks",
					"$(inherited)",
					"$(DEVELOPER_FRAMEWORKS_DIR)",
				);
				GCC_PRECOMPILE_PREFIX_HEADER = YES;
				GCC_PREFIX_HEADER = "DogeKeeper/DogeKeeper-Prefix.pch";
				INFOPLIST_FILE = "DogeKeeperTests/DogeKeeperTests-Info.plist";
				PRODUCT_NAME = "$(TARGET_NAME)";
				TEST_HOST = "$(BUNDLE_LOADER)";
				WRAPPER_EXTENSION = xctest;
			};
			name = Release;
		};
/* End XCBuildConfiguration section */

/* Begin XCConfigurationList section */
		4911D62E1926F25C009B9C5B /* Build configuration list for PBXProject "DogeKeeper" */ = {
			isa = XCConfigurationList;
			buildConfigurations = (
				4911D6691926F25D009B9C5B /* Debug */,
				4911D66A1926F25D009B9C5B /* Release */,
			);
			defaultConfigurationIsVisible = 0;
			defaultConfigurationName = Release;
		};
		4911D66B1926F25D009B9C5B /* Build configuration list for PBXNativeTarget "DogeKeeper" */ = {
			isa = XCConfigurationList;
			buildConfigurations = (
				4911D66C1926F25D009B9C5B /* Debug */,
				4911D66D1926F25D009B9C5B /* Release */,
			);
			defaultConfigurationIsVisible = 0;
			defaultConfigurationName = Release;
		};
		4911D66E1926F25D009B9C5B /* Build configuration list for PBXNativeTarget "DogeKeeperTests" */ = {
			isa = XCConfigurationList;
			buildConfigurations = (
				4911D66F1926F25D009B9C5B /* Debug */,
				4911D6701926F25D009B9C5B /* Release */,
			);
			defaultConfigurationIsVisible = 0;
			defaultConfigurationName = Release;
		};
/* End XCConfigurationList section */
	};
	rootObject = 4911D62B1926F25C009B9C5B /* Project object */;
}
